{
  "requires": true,
  "lockfileVersion": 1,
  "dependencies": {
    "ottava-debug": {
      "version": "1.0.1",
      "resolved": "https://registry.npmjs.org/ottava-debug/-/ottava-debug-1.0.1.tgz",
      "integrity": "sha512-y5qXXzi6aJSonn7w71VriIquUE2HtPXPmAlsYfC8G8nAefVkj0BzscXVqCcm3PHUqBthRcuOUXVea33iqer+Fw=="
    }
  }
}
